
Microsoft Visual Studio Solution File, Format Version 12.00
# Visual Studio Version 17
VisualStudioVersion = 17.14.36623.8 d17.14
MinimumVisualStudioVersion = 10.0.40219.1
Project("{FAE04EC0-301F-11D3-BF4B-00C04F79EFBC}") = "Trabajo_Final_das", "Trabajo_Final_das\Trabajo_Final_das.csproj", "{945631E3-AEA8-4137-8E29-46F033BB5A95}"
EndProject
Global
	GlobalSection(SolutionConfigurationPlatforms) = preSolution
		Debug|Any CPU = Debug|Any CPU
		Release|Any CPU = Release|Any CPU
	EndGlobalSection
	GlobalSection(ProjectConfigurationPlatforms) = postSolution
		{945631E3-AEA8-4137-8E29-46F033BB5A95}.Debug|Any CPU.ActiveCfg = Debug|Any CPU
		{945631E3-AEA8-4137-8E29-46F033BB5A95}.Debug|Any CPU.Build.0 = Debug|Any CPU
		{945631E3-AEA8-4137-8E29-46F033BB5A95}.Release|Any CPU.ActiveCfg = Release|Any CPU
		{945631E3-AEA8-4137-8E29-46F033BB5A95}.Release|Any CPU.Build.0 = Release|Any CPU
	EndGlobalSection
	GlobalSection(SolutionProperties) = preSolution
		HideSolutionNode = FALSE
	EndGlobalSection
	GlobalSection(ExtensibilityGlobals) = postSolution
		SolutionGuid = {E7A69E09-02F6-41C3-9CED-002ED1F00A70}
	EndGlobalSection
EndGlobal
